
Microsoft Visual Studio Solution File, Format Version 12.00
# Visual Studio Version 17
VisualStudioVersion = 17.8.34322.80
MinimumVisualStudioVersion = 10.0.40219.1
Project("{9A19103F-16F7-4668-BE54-9A1E7A4F7556}") = "Calculator", "homework01\Calculator.csproj", "{28F02BEB-4E89-440C-9246-3B3CD41ACAC9}"
EndProject
Global
	GlobalSection(SolutionConfigurationPlatforms) = preSolution
		Debug|Any CPU = Debug|Any CPU
		Release|Any CPU = Release|Any CPU
	EndGlobalSection
	GlobalSection(ProjectConfigurationPlatforms) = postSolution
		{28F02BEB-4E89-440C-9246-3B3CD41ACAC9}.Debug|Any CPU.ActiveCfg = Debug|Any CPU
		{28F02BEB-4E89-440C-9246-3B3CD41ACAC9}.Debug|Any CPU.Build.0 = Debug|Any CPU
		{28F02BEB-4E89-440C-9246-3B3CD41ACAC9}.Release|Any CPU.ActiveCfg = Release|Any CPU
		{28F02BEB-4E89-440C-9246-3B3CD41ACAC9}.Release|Any CPU.Build.0 = Release|Any CPU
	EndGlobalSection
	GlobalSection(SolutionProperties) = preSolution
		HideSolutionNode = FALSE
	EndGlobalSection
	GlobalSection(ExtensibilityGlobals) = postSolution
		SolutionGuid = {68025036-059C-4774-8A84-5361EF5C8EFB}
	EndGlobalSection
EndGlobal
